// !$*UTF8*$!
{
	archiveVersion = 1;
	classes = {
	};
	objectVersion = 56;
	objects = {

/* Begin PBXBuildFile section */
		189E5D05295D6677005AA4C8 /* AnatomyApiApp.swift in Sources */ = {isa = PBXBuildFile; fileRef = 189E5D04295D6677005AA4C8 /* AnatomyApiApp.swift */; };
		189E5D07295D6677005AA4C8 /* AnatomyView.swift in Sources */ = {isa = PBXBuildFile; fileRef = 189E5D06295D6677005AA4C8 /* AnatomyView.swift */; };
		189E5D09295D6679005AA4C8 /* Assets.xcassets in Resources */ = {isa = PBXBuildFile; fileRef = 189E5D08295D6679005AA4C8 /* Assets.xcassets */; };
		189E5D0C295D6679005AA4C8 /* Preview Assets.xcassets in Resources */ = {isa = PBXBuildFile; fileRef = 189E5D0B295D6679005AA4C8 /* Preview Assets.xcassets */; };
		189E5D13295D66C3005AA4C8 /* AnatomyViewModel.swift in Sources */ = {isa = PBXBuildFile; fileRef = 189E5D12295D66C3005AA4C8 /* AnatomyViewModel.swift */; };
		189E5D15295D66D4005AA4C8 /* AnatomyModel.swift in Sources */ = {isa = PBXBuildFile; fileRef = 189E5D14295D66D4005AA4C8 /* AnatomyModel.swift */; };
		189E5D17295D9327005AA4C8 /* ListView.swift in Sources */ = {isa = PBXBuildFile; fileRef = 189E5D16295D9327005AA4C8 /* ListView.swift */; };
		189E5D19295DBFC7005AA4C8 /* splitView.swift in Sources */ = {isa = PBXBuildFile; fileRef = 189E5D18295DBFC7005AA4C8 /* splitView.swift */; };
/* End PBXBuildFile section */

/* Begin PBXFileReference section */
		189E5D01295D6677005AA4C8 /* AnatomyApi.app */ = {isa = PBXFileReference; explicitFileType = wrapper.application; includeInIndex = 0; path = AnatomyApi.app; sourceTree = BUILT_PRODUCTS_DIR; };
		189E5D04295D6677005AA4C8 /* AnatomyApiApp.swift */ = {isa = PBXFileReference; lastKnownFileType = sourcecode.swift; path = AnatomyApiApp.swift; sourceTree = "<group>"; };
		189E5D06295D6677005AA4C8 /* AnatomyView.swift */ = {isa = PBXFileReference; lastKnownFileType = sourcecode.swift; path = AnatomyView.swift; sourceTree = "<group>"; };
		189E5D08295D6679005AA4C8 /* Assets.xcassets */ = {isa = PBXFileReference; lastKnownFileType = folder.assetcatalog; path = Assets.xcassets; sourceTree = "<group>"; };
		189E5D0B295D6679005AA4C8 /* Preview Assets.xcassets */ = {isa = PBXFileReference; lastKnownFileType = folder.assetcatalog; path = "Preview Assets.xcassets"; sourceTree = "<group>"; };
		189E5D12295D66C3005AA4C8 /* AnatomyViewModel.swift */ = {isa = PBXFileReference; lastKnownFileType = sourcecode.swift; path = AnatomyViewModel.swift; sourceTree = "<group>"; };
		189E5D14295D66D4005AA4C8 /* AnatomyModel.swift */ = {isa = PBXFileReference; lastKnownFileType = sourcecode.swift; path = AnatomyModel.swift; sourceTree = "<group>"; };
		189E5D16295D9327005AA4C8 /* ListView.swift */ = {isa = PBXFileReference; lastKnownFileType = sourcecode.swift; path = ListView.swift; sourceTree = "<group>"; };
		189E5D18295DBFC7005AA4C8 /* splitView.swift */ = {isa = PBXFileReference; lastKnownFileType = sourcecode.swift; path = splitView.swift; sourceTree = "<group>"; };
/* End PBXFileReference section */

/* Begin PBXFrameworksBuildPhase section */
		189E5CFE295D6677005AA4C8 /* Frameworks */ = {
			isa = PBXFrameworksBuildPhase;
			buildActionMask = 2147483647;
			files = (
			);
			runOnlyForDeploymentPostprocessing = 0;
		};
/* End PBXFrameworksBuildPhase section */

/* Begin PBXGroup section */
		189E5CF8295D6677005AA4C8 = {
			isa = PBXGroup;
			children = (
				189E5D03295D6677005AA4C8 /* AnatomyApi */,
				189E5D02295D6677005AA4C8 /* Products */,
			);
			sourceTree = "<group>";
		};
		189E5D02295D6677005AA4C8 /* Products */ = {
			isa = PBXGroup;
			children = (
				189E5D01295D6677005AA4C8 /* AnatomyApi.app */,
			);
			name = Products;
			sourceTree = "<group>";
		};
		189E5D03295D6677005AA4C8 /* AnatomyApi */ = {
			isa = PBXGroup;
			children = (
				189E5D04295D6677005AA4C8 /* AnatomyApiApp.swift */,
				189E5D06295D6677005AA4C8 /* AnatomyView.swift */,
				189E5D12295D66C3005AA4C8 /* AnatomyViewModel.swift */,
				189E5D14295D66D4005AA4C8 /* AnatomyModel.swift */,
				189E5D16295D9327005AA4C8 /* ListView.swift */,
				189E5D18295DBFC7005AA4C8 /* splitView.swift */,
				189E5D08295D6679005AA4C8 /* Assets.xcassets */,
				189E5D0A295D6679005AA4C8 /* Preview Content */,
			);
			path = AnatomyApi;
			sourceTree = "<group>";
		};
		189E5D0A295D6679005AA4C8 /* Preview Content */ = {
			isa = PBXGroup;
			children = (
				189E5D0B295D6679005AA4C8 /* Preview Assets.xcassets */,
			);
			path = "Preview Content";
			sourceTree = "<group>";
		};
/* End PBXGroup section */

/* Begin PBXNativeTarget section */
		189E5D00295D6677005AA4C8 /* AnatomyApi */ = {
			isa = PBXNativeTarget;
			buildConfigurationList = 189E5D0F295D6679005AA4C8 /* Build configuration list for PBXNativeTarget "AnatomyApi" */;
			buildPhases = (
				189E5CFD295D6677005AA4C8 /* Sources */,
				189E5CFE295D6677005AA4C8 /* Frameworks */,
				189E5CFF295D6677005AA4C8 /* Resources */,
			);
			buildRules = (
			);
			dependencies = (
			);
			name = AnatomyApi;
			productName = AnatomyApi;
			productReference = 189E5D01295D6677005AA4C8 /* AnatomyApi.app */;
			productType = "com.apple.product-type.application";
		};
/* End PBXNativeTarget section */

/* Begin PBXProject section */
		189E5CF9295D6677005AA4C8 /* Project object */ = {
			isa = PBXProject;
			attributes = {
				BuildIndependentTargetsInParallel = 1;
				LastSwiftUpdateCheck = 1410;
				LastUpgradeCheck = 1410;
				TargetAttributes = {
					189E5D00295D6677005AA4C8 = {
						CreatedOnToolsVersion = 14.1;
					};
				};
			};
			buildConfigurationList = 189E5CFC295D6677005AA4C8 /* Build configuration list for PBXProject "AnatomyApi" */;
			compatibilityVersion = "Xcode 14.0";
			developmentRegion = en;
			hasScannedForEncodings = 0;
			knownRegions = (
				en,
				Base,
			);
			mainGroup = 189E5CF8295D6677005AA4C8;
			productRefGroup = 189E5D02295D6677005AA4C8 /* Products */;
			projectDirPath = "";
			projectRoot = "";
			targets = (
				189E5D00295D6677005AA4C8 /* AnatomyApi */,
			);
		};
/* End PBXProject section */

/* Begin PBXResourcesBuildPhase section */
		189E5CFF295D6677005AA4C8 /* Resources */ = {
			isa = PBXResourcesBuildPhase;
			buildActionMask = 2147483647;
			files = (
				189E5D0C295D6679005AA4C8 /* Preview Assets.xcassets in Resources */,
				189E5D09295D6679005AA4C8 /* Assets.xcassets in Resources */,
			);
			runOnlyForDeploymentPostprocessing = 0;
		};
/* End PBXResourcesBuildPhase section */

/* Begin PBXSourcesBuildPhase section */
		189E5CFD295D6677005AA4C8 /* Sources */ = {
			isa = PBXSourcesBuildPhase;
			buildActionMask = 2147483647;
			files = (
				189E5D13295D66C3005AA4C8 /* AnatomyViewModel.swift in Sources */,
				189E5D07295D6677005AA4C8 /* AnatomyView.swift in Sources */,
				189E5D17295D9327005AA4C8 /* ListView.swift in Sources */,
				189E5D19295DBFC7005AA4C8 /* splitView.swift in Sources */,
				189E5D05295D6677005AA4C8 /* AnatomyApiApp.swift in Sources */,
				189E5D15295D66D4005AA4C8 /* AnatomyModel.swift in Sources */,
			);
			runOnlyForDeploymentPostprocessing = 0;
		};
/* End PBXSourcesBuildPhase section */

/* Begin XCBuildConfiguration section */
		189E5D0D295D6679005AA4C8 /* Debug */ = {
			isa = XCBuildConfiguration;
			buildSettings = {
				ALWAYS_SEARCH_USER_PATHS = NO;
				CLANG_ANALYZER_NONNULL = YES;
				CLANG_ANALYZER_NUMBER_OBJECT_CONVERSION = YES_AGGRESSIVE;
				CLANG_CXX_LANGUAGE_STANDARD = "gnu++20";
				CLANG_ENABLE_MODULES = YES;
				CLANG_ENABLE_OBJC_ARC = YES;
				CLANG_ENABLE_OBJC_WEAK = YES;
				CLANG_WARN_BLOCK_CAPTURE_AUTORELEASING = YES;
				CLANG_WARN_BOOL_CONVERSION = YES;
				CLANG_WARN_COMMA = YES;
				CLANG_WARN_CONSTANT_CONVERSION = YES;
				CLANG_WARN_DEPRECATED_OBJC_IMPLEMENTATIONS = YES;
				CLANG_WARN_DIRECT_OBJC_ISA_USAGE = YES_ERROR;
				CLANG_WARN_DOCUMENTATION_COMMENTS = YES;
				CLANG_WARN_EMPTY_BODY = YES;
				CLANG_WARN_ENUM_CONVERSION = YES;
				CLANG_WARN_INFINITE_RECURSION = YES;
				CLANG_WARN_INT_CONVERSION = YES;
				CLANG_WARN_NON_LITERAL_NULL_CONVERSION = YES;
				CLANG_WARN_OBJC_IMPLICIT_RETAIN_SELF = YES;
				CLANG_WARN_OBJC_LITERAL_CONVERSION = YES;
				CLANG_WARN_OBJC_ROOT_CLASS = YES_ERROR;
				CLANG_WARN_QUOTED_INCLUDE_IN_FRAMEWORK_HEADER = YES;
				CLANG_WARN_RANGE_LOOP_ANALYSIS = YES;
				CLANG_WARN_STRICT_PROTOTYPES = YES;
				CLANG_WARN_SUSPICIOUS_MOVE = YES;
				CLANG_WARN_UNGUARDED_AVAILABILITY = YES_AGGRESSIVE;
				CLANG_WARN_UNREACHABLE_CODE = YES;
				CLANG_WARN__DUPLICATE_METHOD_MATCH = YES;
				COPY_PHASE_STRIP = NO;
				DEBUG_INFORMATION_FORMAT = dwarf;
				ENABLE_STRICT_OBJC_MSGSEND = YES;
				ENABLE_TESTABILITY = YES;
				GCC_C_LANGUAGE_STANDARD = gnu11;
				GCC_DYNAMIC_NO_PIC = NO;
				GCC_NO_COMMON_BLOCKS = YES;
				GCC_OPTIMIZATION_LEVEL = 0;
				GCC_PREPROCESSOR_DEFINITIONS = (
					"DEBUG=1",
					"$(inherited)",
				);
				GCC_WARN_64_TO_32_BIT_CONVERSION = YES;
				GCC_WARN_ABOUT_RETURN_TYPE = YES_ERROR;
				GCC_WARN_UNDECLARED_SELECTOR = YES;
				GCC_WARN_UNINITIALIZED_AUTOS = YES_AGGRESSIVE;
				GCC_WARN_UNUSED_FUNCTION = YES;
				GCC_WARN_UNUSED_VARIABLE = YES;
				IPHONEOS_DEPLOYMENT_TARGET = 16.1;
				MTL_ENABLE_DEBUG_INFO = INCLUDE_SOURCE;
				MTL_FAST_MATH = YES;
				ONLY_ACTIVE_ARCH = YES;
				SDKROOT = iphoneos;
				SWIFT_ACTIVE_COMPILATION_CONDITIONS = DEBUG;
				SWIFT_OPTIMIZATION_LEVEL = "-Onone";
			};
			name = Debug;
		};
		189E5D0E295D6679005AA4C8 /* Release */ = {
			isa = XCBuildConfiguration;
			buildSettings = {
				ALWAYS_SEARCH_USER_PATHS = NO;
				CLANG_ANALYZER_NONNULL = YES;
				CLANG_ANALYZER_NUMBER_OBJECT_CONVERSION = YES_AGGRESSIVE;
				CLANG_CXX_LANGUAGE_STANDARD = "gnu++20";
				CLANG_ENABLE_MODULES = YES;
				CLANG_ENABLE_OBJC_ARC = YES;
				CLANG_ENABLE_OBJC_WEAK = YES;
				CLANG_WARN_BLOCK_CAPTURE_AUTORELEASING = YES;
				CLANG_WARN_BOOL_CONVERSION = YES;
				CLANG_WARN_COMMA = YES;
				CLANG_WARN_CONSTANT_CONVERSION = YES;
				CLANG_WARN_DEPRECATED_OBJC_IMPLEMENTATIONS = YES;
				CLANG_WARN_DIRECT_OBJC_ISA_USAGE = YES_ERROR;
				CLANG_WARN_DOCUMENTATION_COMMENTS = YES;
				CLANG_WARN_EMPTY_BODY = YES;
				CLANG_WARN_ENUM_CONVERSION = YES;
				CLANG_WARN_INFINITE_RECURSION = YES;
				CLANG_WARN_INT_CONVERSION = YES;
				CLANG_WARN_NON_LITERAL_NULL_CONVERSION = YES;
				CLANG_WARN_OBJC_IMPLICIT_RETAIN_SELF = YES;
				CLANG_WARN_OBJC_LITERAL_CONVERSION = YES;
				CLANG_WARN_OBJC_ROOT_CLASS = YES_ERROR;
				CLANG_WARN_QUOTED_INCLUDE_IN_FRAMEWORK_HEADER = YES;
				CLANG_WARN_RANGE_LOOP_ANALYSIS = YES;
				CLANG_WARN_STRICT_PROTOTYPES = YES;
				CLANG_WARN_SUSPICIOUS_MOVE = YES;
				CLANG_WARN_UNGUARDED_AVAILABILITY = YES_AGGRESSIVE;
				CLANG_WARN_UNREACHABLE_CODE = YES;
				CLANG_WARN__DUPLICATE_METHOD_MATCH = YES;
				COPY_PHASE_STRIP = NO;
				DEBUG_INFORMATION_FORMAT = "dwarf-with-dsym";
				ENABLE_NS_ASSERTIONS = NO;
				ENABLE_STRICT_OBJC_MSGSEND = YES;
				GCC_C_LANGUAGE_STANDARD = gnu11;
				GCC_NO_COMMON_BLOCKS = YES;
				GCC_WARN_64_TO_32_BIT_CONVERSION = YES;
				GCC_WARN_ABOUT_RETURN_TYPE = YES_ERROR;
				GCC_WARN_UNDECLARED_SELECTOR = YES;
				GCC_WARN_UNINITIALIZED_AUTOS = YES_AGGRESSIVE;
				GCC_WARN_UNUSED_FUNCTION = YES;
				GCC_WARN_UNUSED_VARIABLE = YES;
				IPHONEOS_DEPLOYMENT_TARGET = 16.1;
				MTL_ENABLE_DEBUG_INFO = NO;
				MTL_FAST_MATH = YES;
				SDKROOT = iphoneos;
				SWIFT_COMPILATION_MODE = wholemodule;
				SWIFT_OPTIMIZATION_LEVEL = "-O";
				VALIDATE_PRODUCT = YES;
			};
			name = Release;
		};
		189E5D10295D6679005AA4C8 /* Debug */ = {
			isa = XCBuildConfiguration;
			buildSettings = {
				ASSETCATALOG_COMPILER_APPICON_NAME = AppIcon;
				ASSETCATALOG_COMPILER_GLOBAL_ACCENT_COLOR_NAME = AccentColor;
				CODE_SIGN_STYLE = Automatic;
				CURRENT_PROJECT_VERSION = 1;
				DEVELOPMENT_ASSET_PATHS = "\"AnatomyApi/Preview Content\"";
				DEVELOPMENT_TEAM = SY4CHD2YQ6;
				ENABLE_PREVIEWS = YES;
				GENERATE_INFOPLIST_FILE = YES;
				INFOPLIST_KEY_UIApplicationSceneManifest_Generation = YES;
				INFOPLIST_KEY_UIApplicationSupportsIndirectInputEvents = YES;
				INFOPLIST_KEY_UILaunchScreen_Generation = YES;
				INFOPLIST_KEY_UISupportedInterfaceOrientations_iPad = "UIInterfaceOrientationPortrait UIInterfaceOrientationPortraitUpsideDown UIInterfaceOrientationLandscapeLeft UIInterfaceOrientationLandscapeRight";
				INFOPLIST_KEY_UISupportedInterfaceOrientations_iPhone = "UIInterfaceOrientationPortrait UIInterfaceOrientationLandscapeLeft UIInterfaceOrientationLandscapeRight";
				LD_RUNPATH_SEARCH_PATHS = (
					"$(inherited)",
					"@executable_path/Frameworks",
				);
				MARKETING_VERSION = 1.0;
				PRODUCT_BUNDLE_IDENTIFIER = com.digival.AnatomyApi;
				PRODUCT_NAME = "$(TARGET_NAME)";
				SWIFT_EMIT_LOC_STRINGS = YES;
				SWIFT_VERSION = 5.0;
				TARGETED_DEVICE_FAMILY = "1,2";
			};
			name = Debug;
		};
		189E5D11295D6679005AA4C8 /* Release */ = {
			isa = XCBuildConfiguration;
			buildSettings = {
				ASSETCATALOG_COMPILER_APPICON_NAME = AppIcon;
				ASSETCATALOG_COMPILER_GLOBAL_ACCENT_COLOR_NAME = AccentColor;
				CODE_SIGN_STYLE = Automatic;
				CURRENT_PROJECT_VERSION = 1;
				DEVELOPMENT_ASSET_PATHS = "\"AnatomyApi/Preview Content\"";
				DEVELOPMENT_TEAM = SY4CHD2YQ6;
				ENABLE_PREVIEWS = YES;
				GENERATE_INFOPLIST_FILE = YES;
				INFOPLIST_KEY_UIApplicationSceneManifest_Generation = YES;
				INFOPLIST_KEY_UIApplicationSupportsIndirectInputEvents = YES;
				INFOPLIST_KEY_UILaunchScreen_Generation = YES;
				INFOPLIST_KEY_UISupportedInterfaceOrientations_iPad = "UIInterfaceOrientationPortrait UIInterfaceOrientationPortraitUpsideDown UIInterfaceOrientationLandscapeLeft UIInterfaceOrientationLandscapeRight";
				INFOPLIST_KEY_UISupportedInterfaceOrientations_iPhone = "UIInterfaceOrientationPortrait UIInterfaceOrientationLandscapeLeft UIInterfaceOrientationLandscapeRight";
				LD_RUNPATH_SEARCH_PATHS = (
					"$(inherited)",
					"@executable_path/Frameworks",
				);
				MARKETING_VERSION = 1.0;
				PRODUCT_BUNDLE_IDENTIFIER = com.digival.AnatomyApi;
				PRODUCT_NAME = "$(TARGET_NAME)";
				SWIFT_EMIT_LOC_STRINGS = YES;
				SWIFT_VERSION = 5.0;
				TARGETED_DEVICE_FAMILY = "1,2";
			};
			name = Release;
		};
/* End XCBuildConfiguration section */

/* Begin XCConfigurationList section */
		189E5CFC295D6677005AA4C8 /* Build configuration list for PBXProject "AnatomyApi" */ = {
			isa = XCConfigurationList;
			buildConfigurations = (
				189E5D0D295D6679005AA4C8 /* Debug */,
				189E5D0E295D6679005AA4C8 /* Release */,
			);
			defaultConfigurationIsVisible = 0;
			defaultConfigurationName = Release;
		};
		189E5D0F295D6679005AA4C8 /* Build configuration list for PBXNativeTarget "AnatomyApi" */ = {
			isa = XCConfigurationList;
			buildConfigurations = (
				189E5D10295D6679005AA4C8 /* Debug */,
				189E5D11295D6679005AA4C8 /* Release */,
			);
			defaultConfigurationIsVisible = 0;
			defaultConfigurationName = Release;
		};
/* End XCConfigurationList section */
	};
	rootObject = 189E5CF9295D6677005AA4C8 /* Project object */;
}
